
Microsoft Visual Studio Solution File, Format Version 12.00
# Visual Studio Version 16
VisualStudioVersion = 16.0.29102.190
MinimumVisualStudioVersion = 10.0.40219.1
Project("{FAE04EC0-301F-11D3-BF4B-00C04F79EFBC}") = "ProjectTestCSharp", "ProjectTestCSharp\ProjectTestCSharp.csproj", "{ABAC0C2E-198A-47A9-9763-8ADC5990BECA}"
EndProject
Global
	GlobalSection(SolutionConfigurationPlatforms) = preSolution
		Debug|Any CPU = Debug|Any CPU
		Release|Any CPU = Release|Any CPU
	EndGlobalSection
	GlobalSection(ProjectConfigurationPlatforms) = postSolution
		{ABAC0C2E-198A-47A9-9763-8ADC5990BECA}.Debug|Any CPU.ActiveCfg = Debug|Any CPU
		{ABAC0C2E-198A-47A9-9763-8ADC5990BECA}.Debug|Any CPU.Build.0 = Debug|Any CPU
		{ABAC0C2E-198A-47A9-9763-8ADC5990BECA}.Release|Any CPU.ActiveCfg = Release|Any CPU
		{ABAC0C2E-198A-47A9-9763-8ADC5990BECA}.Release|Any CPU.Build.0 = Release|Any CPU
	EndGlobalSection
	GlobalSection(SolutionProperties) = preSolution
		HideSolutionNode = FALSE
	EndGlobalSection
	GlobalSection(ExtensibilityGlobals) = postSolution
		SolutionGuid = {3952D675-6033-4303-A72D-DD8E69A19F70}
	EndGlobalSection
EndGlobal
